dependencies:
- name: postgresql
  repository: https://kubernetes-charts.storage.googleapis.com/
  version: 3.15.0
- name: redis
  repository: https://kubernetes-charts.storage.googleapis.com/
  version: 6.4.3
digest: sha256:015f7a67b69850128a1a65b4610e9a904e8c780033b753a65b6e6df49dd6159e
generated: 2019-03-27T08:39:40.1816232Z
